// !$*UTF8*$!
{
	archiveVersion = 1;
	classes = {
	};
	objectVersion = 56;
	objects = {

/* Begin PBXBuildFile section */
		DE2AF3192A60212500B7A1AB /* CoinPricesApp_SwiftUIApp.swift in Sources */ = {isa = PBXBuildFile; fileRef = DE2AF3182A60212500B7A1AB /* CoinPricesApp_SwiftUIApp.swift */; };
		DE2AF31B2A60212500B7A1AB /* ContentView.swift in Sources */ = {isa = PBXBuildFile; fileRef = DE2AF31A2A60212500B7A1AB /* ContentView.swift */; };
		DE2AF31D2A60212700B7A1AB /* Assets.xcassets in Resources */ = {isa = PBXBuildFile; fileRef = DE2AF31C2A60212700B7A1AB /* Assets.xcassets */; };
		DE2AF3202A60212700B7A1AB /* Preview Assets.xcassets in Resources */ = {isa = PBXBuildFile; fileRef = DE2AF31F2A60212700B7A1AB /* Preview Assets.xcassets */; };
		DE2AF3362A60262000B7A1AB /* HomeView.swift in Sources */ = {isa = PBXBuildFile; fileRef = DE2AF3352A60262000B7A1AB /* HomeView.swift */; };
		DE2AF33A2A602C9B00B7A1AB /* TopMoversItemView.swift in Sources */ = {isa = PBXBuildFile; fileRef = DE2AF3392A602C9B00B7A1AB /* TopMoversItemView.swift */; };
		DE2AF33C2A602CAA00B7A1AB /* TopMovesView.swift in Sources */ = {isa = PBXBuildFile; fileRef = DE2AF33B2A602CAA00B7A1AB /* TopMovesView.swift */; };
		DE2AF33E2A60340800B7A1AB /* AllCoinsView.swift in Sources */ = {isa = PBXBuildFile; fileRef = DE2AF33D2A60340800B7A1AB /* AllCoinsView.swift */; };
		DE2AF3402A60341300B7A1AB /* CoinRowView.swift in Sources */ = {isa = PBXBuildFile; fileRef = DE2AF33F2A60341300B7A1AB /* CoinRowView.swift */; };
		DEE798562A603CDE009F817B /* HomeViewModel.swift in Sources */ = {isa = PBXBuildFile; fileRef = DEE798552A603CDE009F817B /* HomeViewModel.swift */; };
		DEE798582A612F45009F817B /* Coin.swift in Sources */ = {isa = PBXBuildFile; fileRef = DEE798572A612F45009F817B /* Coin.swift */; };
		DEE7985A2A613FAA009F817B /* TopCoins.swift in Sources */ = {isa = PBXBuildFile; fileRef = DEE798592A613FAA009F817B /* TopCoins.swift */; };
/* End PBXBuildFile section */

/* Begin PBXFileReference section */
		DE2AF3152A60212500B7A1AB /* CoinPricesApp-SwiftUI.app */ = {isa = PBXFileReference; explicitFileType = wrapper.application; includeInIndex = 0; path = "CoinPricesApp-SwiftUI.app"; sourceTree = BUILT_PRODUCTS_DIR; };
		DE2AF3182A60212500B7A1AB /* CoinPricesApp_SwiftUIApp.swift */ = {isa = PBXFileReference; lastKnownFileType = sourcecode.swift; path = CoinPricesApp_SwiftUIApp.swift; sourceTree = "<group>"; };
		DE2AF31A2A60212500B7A1AB /* ContentView.swift */ = {isa = PBXFileReference; lastKnownFileType = sourcecode.swift; path = ContentView.swift; sourceTree = "<group>"; };
		DE2AF31C2A60212700B7A1AB /* Assets.xcassets */ = {isa = PBXFileReference; lastKnownFileType = folder.assetcatalog; path = Assets.xcassets; sourceTree = "<group>"; };
		DE2AF31F2A60212700B7A1AB /* Preview Assets.xcassets */ = {isa = PBXFileReference; lastKnownFileType = folder.assetcatalog; path = "Preview Assets.xcassets"; sourceTree = "<group>"; };
		DE2AF3352A60262000B7A1AB /* HomeView.swift */ = {isa = PBXFileReference; lastKnownFileType = sourcecode.swift; path = HomeView.swift; sourceTree = "<group>"; };
		DE2AF3392A602C9B00B7A1AB /* TopMoversItemView.swift */ = {isa = PBXFileReference; lastKnownFileType = sourcecode.swift; path = TopMoversItemView.swift; sourceTree = "<group>"; };
		DE2AF33B2A602CAA00B7A1AB /* TopMovesView.swift */ = {isa = PBXFileReference; lastKnownFileType = sourcecode.swift; path = TopMovesView.swift; sourceTree = "<group>"; };
		DE2AF33D2A60340800B7A1AB /* AllCoinsView.swift */ = {isa = PBXFileReference; lastKnownFileType = sourcecode.swift; path = AllCoinsView.swift; sourceTree = "<group>"; };
		DE2AF33F2A60341300B7A1AB /* CoinRowView.swift */ = {isa = PBXFileReference; lastKnownFileType = sourcecode.swift; path = CoinRowView.swift; sourceTree = "<group>"; };
		DEE798552A603CDE009F817B /* HomeViewModel.swift */ = {isa = PBXFileReference; lastKnownFileType = sourcecode.swift; path = HomeViewModel.swift; sourceTree = "<group>"; };
		DEE798572A612F45009F817B /* Coin.swift */ = {isa = PBXFileReference; lastKnownFileType = sourcecode.swift; path = Coin.swift; sourceTree = "<group>"; };
		DEE798592A613FAA009F817B /* TopCoins.swift */ = {isa = PBXFileReference; lastKnownFileType = sourcecode.swift; path = TopCoins.swift; sourceTree = "<group>"; };
/* End PBXFileReference section */

/* Begin PBXFrameworksBuildPhase section */
		DE2AF3122A60212500B7A1AB /* Frameworks */ = {
			isa = PBXFrameworksBuildPhase;
			buildActionMask = 2147483647;
			files = (
			);
			runOnlyForDeploymentPostprocessing = 0;
		};
/* End PBXFrameworksBuildPhase section */

/* Begin PBXGroup section */
		DE2AF30C2A60212500B7A1AB = {
			isa = PBXGroup;
			children = (
				DE2AF3172A60212500B7A1AB /* CoinPricesApp-SwiftUI */,
				DE2AF3162A60212500B7A1AB /* Products */,
			);
			sourceTree = "<group>";
		};
		DE2AF3162A60212500B7A1AB /* Products */ = {
			isa = PBXGroup;
			children = (
				DE2AF3152A60212500B7A1AB /* CoinPricesApp-SwiftUI.app */,
			);
			name = Products;
			sourceTree = "<group>";
		};
		DE2AF3172A60212500B7A1AB /* CoinPricesApp-SwiftUI */ = {
			isa = PBXGroup;
			children = (
				DE2AF3312A6025BB00B7A1AB /* App */,
				DE2AF3302A6025B400B7A1AB /* Core */,
				DE2AF32F2A6025AD00B7A1AB /* Models */,
				DE2AF32E2A6025A400B7A1AB /* Extensions */,
				DE2AF32D2A60259000B7A1AB /* Utils */,
				DE2AF31A2A60212500B7A1AB /* ContentView.swift */,
				DE2AF31C2A60212700B7A1AB /* Assets.xcassets */,
				DE2AF31E2A60212700B7A1AB /* Preview Content */,
			);
			path = "CoinPricesApp-SwiftUI";
			sourceTree = "<group>";
		};
		DE2AF31E2A60212700B7A1AB /* Preview Content */ = {
			isa = PBXGroup;
			children = (
				DE2AF31F2A60212700B7A1AB /* Preview Assets.xcassets */,
			);
			path = "Preview Content";
			sourceTree = "<group>";
		};
		DE2AF32D2A60259000B7A1AB /* Utils */ = {
			isa = PBXGroup;
			children = (
			);
			path = Utils;
			sourceTree = "<group>";
		};
		DE2AF32E2A6025A400B7A1AB /* Extensions */ = {
			isa = PBXGroup;
			children = (
			);
			path = Extensions;
			sourceTree = "<group>";
		};
		DE2AF32F2A6025AD00B7A1AB /* Models */ = {
			isa = PBXGroup;
			children = (
				DEE798572A612F45009F817B /* Coin.swift */,
				DEE798592A613FAA009F817B /* TopCoins.swift */,
			);
			path = Models;
			sourceTree = "<group>";
		};
		DE2AF3302A6025B400B7A1AB /* Core */ = {
			isa = PBXGroup;
			children = (
				DE2AF3322A6025D700B7A1AB /* Home */,
			);
			path = Core;
			sourceTree = "<group>";
		};
		DE2AF3312A6025BB00B7A1AB /* App */ = {
			isa = PBXGroup;
			children = (
				DE2AF3182A60212500B7A1AB /* CoinPricesApp_SwiftUIApp.swift */,
			);
			path = App;
			sourceTree = "<group>";
		};
		DE2AF3322A6025D700B7A1AB /* Home */ = {
			isa = PBXGroup;
			children = (
				DE2AF3342A60261300B7A1AB /* ViewModels */,
				DE2AF3332A60260C00B7A1AB /* Views */,
			);
			path = Home;
			sourceTree = "<group>";
		};
		DE2AF3332A60260C00B7A1AB /* Views */ = {
			isa = PBXGroup;
			children = (
				DE2AF3352A60262000B7A1AB /* HomeView.swift */,
				DE2AF3392A602C9B00B7A1AB /* TopMoversItemView.swift */,
				DE2AF33B2A602CAA00B7A1AB /* TopMovesView.swift */,
				DE2AF33D2A60340800B7A1AB /* AllCoinsView.swift */,
				DE2AF33F2A60341300B7A1AB /* CoinRowView.swift */,
			);
			path = Views;
			sourceTree = "<group>";
		};
		DE2AF3342A60261300B7A1AB /* ViewModels */ = {
			isa = PBXGroup;
			children = (
				DEE798552A603CDE009F817B /* HomeViewModel.swift */,
			);
			path = ViewModels;
			sourceTree = "<group>";
		};
/* End PBXGroup section */

/* Begin PBXNativeTarget section */
		DE2AF3142A60212500B7A1AB /* CoinPricesApp-SwiftUI */ = {
			isa = PBXNativeTarget;
			buildConfigurationList = DE2AF3232A60212700B7A1AB /* Build configuration list for PBXNativeTarget "CoinPricesApp-SwiftUI" */;
			buildPhases = (
				DE2AF3112A60212500B7A1AB /* Sources */,
				DE2AF3122A60212500B7A1AB /* Frameworks */,
				DE2AF3132A60212500B7A1AB /* Resources */,
			);
			buildRules = (
			);
			dependencies = (
			);
			name = "CoinPricesApp-SwiftUI";
			productName = "CoinPricesApp-SwiftUI";
			productReference = DE2AF3152A60212500B7A1AB /* CoinPricesApp-SwiftUI.app */;
			productType = "com.apple.product-type.application";
		};
/* End PBXNativeTarget section */

/* Begin PBXProject section */
		DE2AF30D2A60212500B7A1AB /* Project object */ = {
			isa = PBXProject;
			attributes = {
				BuildIndependentTargetsInParallel = 1;
				LastSwiftUpdateCheck = 1430;
				LastUpgradeCheck = 1430;
				TargetAttributes = {
					DE2AF3142A60212500B7A1AB = {
						CreatedOnToolsVersion = 14.3;
					};
				};
			};
			buildConfigurationList = DE2AF3102A60212500B7A1AB /* Build configuration list for PBXProject "CoinPricesApp-SwiftUI" */;
			compatibilityVersion = "Xcode 14.0";
			developmentRegion = en;
			hasScannedForEncodings = 0;
			knownRegions = (
				en,
				Base,
			);
			mainGroup = DE2AF30C2A60212500B7A1AB;
			productRefGroup = DE2AF3162A60212500B7A1AB /* Products */;
			projectDirPath = "";
			projectRoot = "";
			targets = (
				DE2AF3142A60212500B7A1AB /* CoinPricesApp-SwiftUI */,
			);
		};
/* End PBXProject section */

/* Begin PBXResourcesBuildPhase section */
		DE2AF3132A60212500B7A1AB /* Resources */ = {
			isa = PBXResourcesBuildPhase;
			buildActionMask = 2147483647;
			files = (
				DE2AF3202A60212700B7A1AB /* Preview Assets.xcassets in Resources */,
				DE2AF31D2A60212700B7A1AB /* Assets.xcassets in Resources */,
			);
			runOnlyForDeploymentPostprocessing = 0;
		};
/* End PBXResourcesBuildPhase section */

/* Begin PBXSourcesBuildPhase section */
		DE2AF3112A60212500B7A1AB /* Sources */ = {
			isa = PBXSourcesBuildPhase;
			buildActionMask = 2147483647;
			files = (
				DEE798582A612F45009F817B /* Coin.swift in Sources */,
				DE2AF3362A60262000B7A1AB /* HomeView.swift in Sources */,
				DE2AF33E2A60340800B7A1AB /* AllCoinsView.swift in Sources */,
				DE2AF31B2A60212500B7A1AB /* ContentView.swift in Sources */,
				DEE798562A603CDE009F817B /* HomeViewModel.swift in Sources */,
				DE2AF3192A60212500B7A1AB /* CoinPricesApp_SwiftUIApp.swift in Sources */,
				DEE7985A2A613FAA009F817B /* TopCoins.swift in Sources */,
				DE2AF33C2A602CAA00B7A1AB /* TopMovesView.swift in Sources */,
				DE2AF3402A60341300B7A1AB /* CoinRowView.swift in Sources */,
				DE2AF33A2A602C9B00B7A1AB /* TopMoversItemView.swift in Sources */,
			);
			runOnlyForDeploymentPostprocessing = 0;
		};
/* End PBXSourcesBuildPhase section */

/* Begin XCBuildConfiguration section */
		DE2AF3212A60212700B7A1AB /* Debug */ = {
			isa = XCBuildConfiguration;
			buildSettings = {
				ALWAYS_SEARCH_USER_PATHS = NO;
				CLANG_ANALYZER_NONNULL = YES;
				CLANG_ANALYZER_NUMBER_OBJECT_CONVERSION = YES_AGGRESSIVE;
				CLANG_CXX_LANGUAGE_STANDARD = "gnu++20";
				CLANG_ENABLE_MODULES = YES;
				CLANG_ENABLE_OBJC_ARC = YES;
				CLANG_ENABLE_OBJC_WEAK = YES;
				CLANG_WARN_BLOCK_CAPTURE_AUTORELEASING = YES;
				CLANG_WARN_BOOL_CONVERSION = YES;
				CLANG_WARN_COMMA = YES;
				CLANG_WARN_CONSTANT_CONVERSION = YES;
				CLANG_WARN_DEPRECATED_OBJC_IMPLEMENTATIONS = YES;
				CLANG_WARN_DIRECT_OBJC_ISA_USAGE = YES_ERROR;
				CLANG_WARN_DOCUMENTATION_COMMENTS = YES;
				CLANG_WARN_EMPTY_BODY = YES;
				CLANG_WARN_ENUM_CONVERSION = YES;
				CLANG_WARN_INFINITE_RECURSION = YES;
				CLANG_WARN_INT_CONVERSION = YES;
				CLANG_WARN_NON_LITERAL_NULL_CONVERSION = YES;
				CLANG_WARN_OBJC_IMPLICIT_RETAIN_SELF = YES;
				CLANG_WARN_OBJC_LITERAL_CONVERSION = YES;
				CLANG_WARN_OBJC_ROOT_CLASS = YES_ERROR;
				CLANG_WARN_QUOTED_INCLUDE_IN_FRAMEWORK_HEADER = YES;
				CLANG_WARN_RANGE_LOOP_ANALYSIS = YES;
				CLANG_WARN_STRICT_PROTOTYPES = YES;
				CLANG_WARN_SUSPICIOUS_MOVE = YES;
				CLANG_WARN_UNGUARDED_AVAILABILITY = YES_AGGRESSIVE;
				CLANG_WARN_UNREACHABLE_CODE = YES;
				CLANG_WARN__DUPLICATE_METHOD_MATCH = YES;
				COPY_PHASE_STRIP = NO;
				DEBUG_INFORMATION_FORMAT = dwarf;
				ENABLE_STRICT_OBJC_MSGSEND = YES;
				ENABLE_TESTABILITY = YES;
				GCC_C_LANGUAGE_STANDARD = gnu11;
				GCC_DYNAMIC_NO_PIC = NO;
				GCC_NO_COMMON_BLOCKS = YES;
				GCC_OPTIMIZATION_LEVEL = 0;
				GCC_PREPROCESSOR_DEFINITIONS = (
					"DEBUG=1",
					"$(inherited)",
				);
				GCC_WARN_64_TO_32_BIT_CONVERSION = YES;
				GCC_WARN_ABOUT_RETURN_TYPE = YES_ERROR;
				GCC_WARN_UNDECLARED_SELECTOR = YES;
				GCC_WARN_UNINITIALIZED_AUTOS = YES_AGGRESSIVE;
				GCC_WARN_UNUSED_FUNCTION = YES;
				GCC_WARN_UNUSED_VARIABLE = YES;
				IPHONEOS_DEPLOYMENT_TARGET = 16.4;
				MTL_ENABLE_DEBUG_INFO = INCLUDE_SOURCE;
				MTL_FAST_MATH = YES;
				ONLY_ACTIVE_ARCH = YES;
				SDKROOT = iphoneos;
				SWIFT_ACTIVE_COMPILATION_CONDITIONS = DEBUG;
				SWIFT_OPTIMIZATION_LEVEL = "-Onone";
			};
			name = Debug;
		};
		DE2AF3222A60212700B7A1AB /* Release */ = {
			isa = XCBuildConfiguration;
			buildSettings = {
				ALWAYS_SEARCH_USER_PATHS = NO;
				CLANG_ANALYZER_NONNULL = YES;
				CLANG_ANALYZER_NUMBER_OBJECT_CONVERSION = YES_AGGRESSIVE;
				CLANG_CXX_LANGUAGE_STANDARD = "gnu++20";
				CLANG_ENABLE_MODULES = YES;
				CLANG_ENABLE_OBJC_ARC = YES;
				CLANG_ENABLE_OBJC_WEAK = YES;
				CLANG_WARN_BLOCK_CAPTURE_AUTORELEASING = YES;
				CLANG_WARN_BOOL_CONVERSION = YES;
				CLANG_WARN_COMMA = YES;
				CLANG_WARN_CONSTANT_CONVERSION = YES;
				CLANG_WARN_DEPRECATED_OBJC_IMPLEMENTATIONS = YES;
				CLANG_WARN_DIRECT_OBJC_ISA_USAGE = YES_ERROR;
				CLANG_WARN_DOCUMENTATION_COMMENTS = YES;
				CLANG_WARN_EMPTY_BODY = YES;
				CLANG_WARN_ENUM_CONVERSION = YES;
				CLANG_WARN_INFINITE_RECURSION = YES;
				CLANG_WARN_INT_CONVERSION = YES;
				CLANG_WARN_NON_LITERAL_NULL_CONVERSION = YES;
				CLANG_WARN_OBJC_IMPLICIT_RETAIN_SELF = YES;
				CLANG_WARN_OBJC_LITERAL_CONVERSION = YES;
				CLANG_WARN_OBJC_ROOT_CLASS = YES_ERROR;
				CLANG_WARN_QUOTED_INCLUDE_IN_FRAMEWORK_HEADER = YES;
				CLANG_WARN_RANGE_LOOP_ANALYSIS = YES;
				CLANG_WARN_STRICT_PROTOTYPES = YES;
				CLANG_WARN_SUSPICIOUS_MOVE = YES;
				CLANG_WARN_UNGUARDED_AVAILABILITY = YES_AGGRESSIVE;
				CLANG_WARN_UNREACHABLE_CODE = YES;
				CLANG_WARN__DUPLICATE_METHOD_MATCH = YES;
				COPY_PHASE_STRIP = NO;
				DEBUG_INFORMATION_FORMAT = "dwarf-with-dsym";
				ENABLE_NS_ASSERTIONS = NO;
				ENABLE_STRICT_OBJC_MSGSEND = YES;
				GCC_C_LANGUAGE_STANDARD = gnu11;
				GCC_NO_COMMON_BLOCKS = YES;
				GCC_WARN_64_TO_32_BIT_CONVERSION = YES;
				GCC_WARN_ABOUT_RETURN_TYPE = YES_ERROR;
				GCC_WARN_UNDECLARED_SELECTOR = YES;
				GCC_WARN_UNINITIALIZED_AUTOS = YES_AGGRESSIVE;
				GCC_WARN_UNUSED_FUNCTION = YES;
				GCC_WARN_UNUSED_VARIABLE = YES;
				IPHONEOS_DEPLOYMENT_TARGET = 16.4;
				MTL_ENABLE_DEBUG_INFO = NO;
				MTL_FAST_MATH = YES;
				SDKROOT = iphoneos;
				SWIFT_COMPILATION_MODE = wholemodule;
				SWIFT_OPTIMIZATION_LEVEL = "-O";
				VALIDATE_PRODUCT = YES;
			};
			name = Release;
		};
		DE2AF3242A60212700B7A1AB /* Debug */ = {
			isa = XCBuildConfiguration;
			buildSettings = {
				ASSETCATALOG_COMPILER_APPICON_NAME = AppIcon;
				ASSETCATALOG_COMPILER_GLOBAL_ACCENT_COLOR_NAME = AccentColor;
				CODE_SIGN_STYLE = Automatic;
				CURRENT_PROJECT_VERSION = 1;
				DEVELOPMENT_ASSET_PATHS = "\"CoinPricesApp-SwiftUI/Preview Content\"";
				DEVELOPMENT_TEAM = DC2CCCCLGJ;
				ENABLE_PREVIEWS = YES;
				GENERATE_INFOPLIST_FILE = YES;
				INFOPLIST_KEY_UIApplicationSceneManifest_Generation = YES;
				INFOPLIST_KEY_UIApplicationSupportsIndirectInputEvents = YES;
				INFOPLIST_KEY_UILaunchScreen_Generation = YES;
				INFOPLIST_KEY_UISupportedInterfaceOrientations_iPad = "UIInterfaceOrientationPortrait UIInterfaceOrientationPortraitUpsideDown UIInterfaceOrientationLandscapeLeft UIInterfaceOrientationLandscapeRight";
				INFOPLIST_KEY_UISupportedInterfaceOrientations_iPhone = "UIInterfaceOrientationPortrait UIInterfaceOrientationLandscapeLeft UIInterfaceOrientationLandscapeRight";
				LD_RUNPATH_SEARCH_PATHS = (
					"$(inherited)",
					"@executable_path/Frameworks",
				);
				MARKETING_VERSION = 1.0;
				PRODUCT_BUNDLE_IDENTIFIER = "com.agorkem.CoinPricesApp-SwiftUI";
				PRODUCT_NAME = "$(TARGET_NAME)";
				SWIFT_EMIT_LOC_STRINGS = YES;
				SWIFT_VERSION = 5.0;
				TARGETED_DEVICE_FAMILY = "1,2";
			};
			name = Debug;
		};
		DE2AF3252A60212700B7A1AB /* Release */ = {
			isa = XCBuildConfiguration;
			buildSettings = {
				ASSETCATALOG_COMPILER_APPICON_NAME = AppIcon;
				ASSETCATALOG_COMPILER_GLOBAL_ACCENT_COLOR_NAME = AccentColor;
				CODE_SIGN_STYLE = Automatic;
				CURRENT_PROJECT_VERSION = 1;
				DEVELOPMENT_ASSET_PATHS = "\"CoinPricesApp-SwiftUI/Preview Content\"";
				DEVELOPMENT_TEAM = DC2CCCCLGJ;
				ENABLE_PREVIEWS = YES;
				GENERATE_INFOPLIST_FILE = YES;
				INFOPLIST_KEY_UIApplicationSceneManifest_Generation = YES;
				INFOPLIST_KEY_UIApplicationSupportsIndirectInputEvents = YES;
				INFOPLIST_KEY_UILaunchScreen_Generation = YES;
				INFOPLIST_KEY_UISupportedInterfaceOrientations_iPad = "UIInterfaceOrientationPortrait UIInterfaceOrientationPortraitUpsideDown UIInterfaceOrientationLandscapeLeft UIInterfaceOrientationLandscapeRight";
				INFOPLIST_KEY_UISupportedInterfaceOrientations_iPhone = "UIInterfaceOrientationPortrait UIInterfaceOrientationLandscapeLeft UIInterfaceOrientationLandscapeRight";
				LD_RUNPATH_SEARCH_PATHS = (
					"$(inherited)",
					"@executable_path/Frameworks",
				);
				MARKETING_VERSION = 1.0;
				PRODUCT_BUNDLE_IDENTIFIER = "com.agorkem.CoinPricesApp-SwiftUI";
				PRODUCT_NAME = "$(TARGET_NAME)";
				SWIFT_EMIT_LOC_STRINGS = YES;
				SWIFT_VERSION = 5.0;
				TARGETED_DEVICE_FAMILY = "1,2";
			};
			name = Release;
		};
/* End XCBuildConfiguration section */

/* Begin XCConfigurationList section */
		DE2AF3102A60212500B7A1AB /* Build configuration list for PBXProject "CoinPricesApp-SwiftUI" */ = {
			isa = XCConfigurationList;
			buildConfigurations = (
				DE2AF3212A60212700B7A1AB /* Debug */,
				DE2AF3222A60212700B7A1AB /* Release */,
			);
			defaultConfigurationIsVisible = 0;
			defaultConfigurationName = Release;
		};
		DE2AF3232A60212700B7A1AB /* Build configuration list for PBXNativeTarget "CoinPricesApp-SwiftUI" */ = {
			isa = XCConfigurationList;
			buildConfigurations = (
				DE2AF3242A60212700B7A1AB /* Debug */,
				DE2AF3252A60212700B7A1AB /* Release */,
			);
			defaultConfigurationIsVisible = 0;
			defaultConfigurationName = Release;
		};
/* End XCConfigurationList section */
	};
	rootObject = DE2AF30D2A60212500B7A1AB /* Project object */;
}
